
Microsoft Visual Studio Solution File, Format Version 12.00
# Visual Studio Version 17
VisualStudioVersion = 17.4.33205.214
MinimumVisualStudioVersion = 10.0.40219.1
Project("{FAE04EC0-301F-11D3-BF4B-00C04F79EFBC}") = "Admin_Microservice", "Admin_Microservice\Admin_Microservice.csproj", "{3521E51F-B7C7-40C9-B69A-765AEAFAF9EF}"
EndProject
Global
	GlobalSection(SolutionConfigurationPlatforms) = preSolution
		Debug|Any CPU = Debug|Any CPU
		Release|Any CPU = Release|Any CPU
	EndGlobalSection
	GlobalSection(ProjectConfigurationPlatforms) = postSolution
		{3521E51F-B7C7-40C9-B69A-765AEAFAF9EF}.Debug|Any CPU.ActiveCfg = Debug|Any CPU
		{3521E51F-B7C7-40C9-B69A-765AEAFAF9EF}.Debug|Any CPU.Build.0 = Debug|Any CPU
		{3521E51F-B7C7-40C9-B69A-765AEAFAF9EF}.Release|Any CPU.ActiveCfg = Release|Any CPU
		{3521E51F-B7C7-40C9-B69A-765AEAFAF9EF}.Release|Any CPU.Build.0 = Release|Any CPU
	EndGlobalSection
	GlobalSection(SolutionProperties) = preSolution
		HideSolutionNode = FALSE
	EndGlobalSection
	GlobalSection(ExtensibilityGlobals) = postSolution
		SolutionGuid = {6C3C79A0-6A9B-40FF-A19A-86C93BA1D829}
	EndGlobalSection
EndGlobal
