
Microsoft Visual Studio Solution File, Format Version 12.00
# Visual Studio Version 17
VisualStudioVersion = 17.4.33205.214
MinimumVisualStudioVersion = 10.0.40219.1
Project("{FAE04EC0-301F-11D3-BF4B-00C04F79EFBC}") = "Student_Microservice", "Student_Microservice\Student_Microservice.csproj", "{EAEA6599-14EF-4E39-9A78-D56A31CD8614}"
EndProject
Global
	GlobalSection(SolutionConfigurationPlatforms) = preSolution
		Debug|Any CPU = Debug|Any CPU
		Release|Any CPU = Release|Any CPU
	EndGlobalSection
	GlobalSection(ProjectConfigurationPlatforms) = postSolution
		{EAEA6599-14EF-4E39-9A78-D56A31CD8614}.Debug|Any CPU.ActiveCfg = Debug|Any CPU
		{EAEA6599-14EF-4E39-9A78-D56A31CD8614}.Debug|Any CPU.Build.0 = Debug|Any CPU
		{EAEA6599-14EF-4E39-9A78-D56A31CD8614}.Release|Any CPU.ActiveCfg = Release|Any CPU
		{EAEA6599-14EF-4E39-9A78-D56A31CD8614}.Release|Any CPU.Build.0 = Release|Any CPU
	EndGlobalSection
	GlobalSection(SolutionProperties) = preSolution
		HideSolutionNode = FALSE
	EndGlobalSection
	GlobalSection(ExtensibilityGlobals) = postSolution
		SolutionGuid = {6EC0E487-3B9E-409C-8C00-F052DA6E45FB}
	EndGlobalSection
EndGlobal
